// !$*UTF8*$!
{
	archiveVersion = 1;
	classes = {
	};
	objectVersion = 46;
	objects = {

/* Begin PBXBuildFile section */
		C57BEB3D15E3032900BC6556 /* UIKit.framework in Frameworks */ = {isa = PBXBuildFile; fileRef = C57BEB3C15E3032900BC6556 /* UIKit.framework */; };
		C57BEB3F15E3032900BC6556 /* Foundation.framework in Frameworks */ = {isa = PBXBuildFile; fileRef = C57BEB3E15E3032900BC6556 /* Foundation.framework */; };
		C57BEB4115E3032900BC6556 /* CoreGraphics.framework in Frameworks */ = {isa = PBXBuildFile; fileRef = C57BEB4015E3032900BC6556 /* CoreGraphics.framework */; };
		C57BEB4715E3032900BC6556 /* InfoPlist.strings in Resources */ = {isa = PBXBuildFile; fileRef = C57BEB4515E3032900BC6556 /* InfoPlist.strings */; };
		C57BEB4915E3032900BC6556 /* main.m in Sources */ = {isa = PBXBuildFile; fileRef = C57BEB4815E3032900BC6556 /* main.m */; };
		C57BEB4D15E3032900BC6556 /* YAppDelegate.m in Sources */ = {isa = PBXBuildFile; fileRef = C57BEB4C15E3032900BC6556 /* YAppDelegate.m */; };
		C57BEB5015E3032900BC6556 /* MainStoryboard_iPhone.storyboard in Resources */ = {isa = PBXBuildFile; fileRef = C57BEB4E15E3032900BC6556 /* MainStoryboard_iPhone.storyboard */; };
		C57BEB5315E3032900BC6556 /* MainStoryboard_iPad.storyboard in Resources */ = {isa = PBXBuildFile; fileRef = C57BEB5115E3032900BC6556 /* MainStoryboard_iPad.storyboard */; };
		C57BEB5615E3032900BC6556 /* YViewController.m in Sources */ = {isa = PBXBuildFile; fileRef = C57BEB5515E3032900BC6556 /* YViewController.m */; };
		C57BEB5E15E3032A00BC6556 /* SenTestingKit.framework in Frameworks */ = {isa = PBXBuildFile; fileRef = C57BEB5D15E3032A00BC6556 /* SenTestingKit.framework */; };
		C57BEB5F15E3032A00BC6556 /* UIKit.framework in Frameworks */ = {isa = PBXBuildFile; fileRef = C57BEB3C15E3032900BC6556 /* UIKit.framework */; };
		C57BEB6015E3032A00BC6556 /* Foundation.framework in Frameworks */ = {isa = PBXBuildFile; fileRef = C57BEB3E15E3032900BC6556 /* Foundation.framework */; };
		C57BEB6815E3032A00BC6556 /* InfoPlist.strings in Resources */ = {isa = PBXBuildFile; fileRef = C57BEB6615E3032A00BC6556 /* InfoPlist.strings */; };
		C57BEB6B15E3032A00BC6556 /* contract_demoTests.m in Sources */ = {isa = PBXBuildFile; fileRef = C57BEB6A15E3032A00BC6556 /* contract_demoTests.m */; };
		C57BEB8815E3079C00BC6556 /* YAccount.m in Sources */ = {isa = PBXBuildFile; fileRef = C57BEB8715E3079C00BC6556 /* YAccount.m */; };
		E37460C46F6447C19A490A9A /* libPods.a in Frameworks */ = {isa = PBXBuildFile; fileRef = 4249BC8DC14B476BB42E5DEF /* libPods.a */; };
/* End PBXBuildFile section */

/* Begin PBXContainerItemProxy section */
		C57BEB6115E3032A00BC6556 /* PBXContainerItemProxy */ = {
			isa = PBXContainerItemProxy;
			containerPortal = C57BEB2F15E3032900BC6556 /* Project object */;
			proxyType = 1;
			remoteGlobalIDString = C57BEB3715E3032900BC6556;
			remoteInfo = "contract-demo";
		};
/* End PBXContainerItemProxy section */

/* Begin PBXFileReference section */
		0C337767E08A44E08B472A64 /* Pods.xcconfig */ = {isa = PBXFileReference; includeInIndex = 1; lastKnownFileType = text.xcconfig; name = Pods.xcconfig; path = Pods/Pods.xcconfig; sourceTree = SOURCE_ROOT; };
		4249BC8DC14B476BB42E5DEF /* libPods.a */ = {isa = PBXFileReference; explicitFileType = archive.ar; includeInIndex = 0; path = libPods.a; sourceTree = BUILT_PRODUCTS_DIR; };
		C57BEB3815E3032900BC6556 /* contract-demo.app */ = {isa = PBXFileReference; explicitFileType = wrapper.application; includeInIndex = 0; path = "contract-demo.app"; sourceTree = BUILT_PRODUCTS_DIR; };
		C57BEB3C15E3032900BC6556 /* UIKit.framework */ = {isa = PBXFileReference; includeInIndex = 1; lastKnownFileType = wrapper.framework; name = UIKit.framework; path = System/Library/Frameworks/UIKit.framework; sourceTree = SDKROOT; };
		C57BEB3E15E3032900BC6556 /* Foundation.framework */ = {isa = PBXFileReference; includeInIndex = 1; lastKnownFileType = wrapper.framework; name = Foundation.framework; path = System/Library/Frameworks/Foundation.framework; sourceTree = SDKROOT; };
		C57BEB4015E3032900BC6556 /* CoreGraphics.framework */ = {isa = PBXFileReference; includeInIndex = 1; lastKnownFileType = wrapper.framework; name = CoreGraphics.framework; path = System/Library/Frameworks/CoreGraphics.framework; sourceTree = SDKROOT; };
		C57BEB4415E3032900BC6556 /* contract-demo-Info.plist */ = {isa = PBXFileReference; lastKnownFileType = text.plist.xml; path = "contract-demo-Info.plist"; sourceTree = "<group>"; };
		C57BEB4615E3032900BC6556 /* en */ = {isa = PBXFileReference; lastKnownFileType = text.plist.strings; name = en; path = en.lproj/InfoPlist.strings; sourceTree = "<group>"; };
		C57BEB4815E3032900BC6556 /* main.m */ = {isa = PBXFileReference; lastKnownFileType = sourcecode.c.objc; path = main.m; sourceTree = "<group>"; };
		C57BEB4A15E3032900BC6556 /* contract-demo-Prefix.pch */ = {isa = PBXFileReference; lastKnownFileType = sourcecode.c.h; path = "contract-demo-Prefix.pch"; sourceTree = "<group>"; };
		C57BEB4B15E3032900BC6556 /* YAppDelegate.h */ = {isa = PBXFileReference; lastKnownFileType = sourcecode.c.h; path = YAppDelegate.h; sourceTree = "<group>"; };
		C57BEB4C15E3032900BC6556 /* YAppDelegate.m */ = {isa = PBXFileReference; lastKnownFileType = sourcecode.c.objc; path = YAppDelegate.m; sourceTree = "<group>"; };
		C57BEB4F15E3032900BC6556 /* en */ = {isa = PBXFileReference; lastKnownFileType = file.storyboard; name = en; path = en.lproj/MainStoryboard_iPhone.storyboard; sourceTree = "<group>"; };
		C57BEB5215E3032900BC6556 /* en */ = {isa = PBXFileReference; lastKnownFileType = file.storyboard; name = en; path = en.lproj/MainStoryboard_iPad.storyboard; sourceTree = "<group>"; };
		C57BEB5415E3032900BC6556 /* YViewController.h */ = {isa = PBXFileReference; lastKnownFileType = sourcecode.c.h; path = YViewController.h; sourceTree = "<group>"; };
		C57BEB5515E3032900BC6556 /* YViewController.m */ = {isa = PBXFileReference; lastKnownFileType = sourcecode.c.objc; path = YViewController.m; sourceTree = "<group>"; };
		C57BEB5C15E3032A00BC6556 /* contract-demoTests.octest */ = {isa = PBXFileReference; explicitFileType = wrapper.cfbundle; includeInIndex = 0; path = "contract-demoTests.octest"; sourceTree = BUILT_PRODUCTS_DIR; };
		C57BEB5D15E3032A00BC6556 /* SenTestingKit.framework */ = {isa = PBXFileReference; lastKnownFileType = wrapper.framework; name = SenTestingKit.framework; path = Library/Frameworks/SenTestingKit.framework; sourceTree = DEVELOPER_DIR; };
		C57BEB6515E3032A00BC6556 /* contract-demoTests-Info.plist */ = {isa = PBXFileReference; lastKnownFileType = text.plist.xml; path = "contract-demoTests-Info.plist"; sourceTree = "<group>"; };
		C57BEB6715E3032A00BC6556 /* en */ = {isa = PBXFileReference; lastKnownFileType = text.plist.strings; name = en; path = en.lproj/InfoPlist.strings; sourceTree = "<group>"; };
		C57BEB6915E3032A00BC6556 /* contract_demoTests.h */ = {isa = PBXFileReference; lastKnownFileType = sourcecode.c.h; path = contract_demoTests.h; sourceTree = "<group>"; };
		C57BEB6A15E3032A00BC6556 /* contract_demoTests.m */ = {isa = PBXFileReference; lastKnownFileType = sourcecode.c.objc; path = contract_demoTests.m; sourceTree = "<group>"; };
		C57BEB8615E3079C00BC6556 /* YAccount.h */ = {isa = PBXFileReference; fileEncoding = 4; lastKnownFileType = sourcecode.c.h; path = YAccount.h; sourceTree = "<group>"; };
		C57BEB8715E3079C00BC6556 /* YAccount.m */ = {isa = PBXFileReference; fileEncoding = 4; lastKnownFileType = sourcecode.c.objc; path = YAccount.m; sourceTree = "<group>"; xcLanguageSpecificationIdentifier = xcode.lang.objc; };
/* End PBXFileReference section */

/* Begin PBXFrameworksBuildPhase section */
		C57BEB3515E3032900BC6556 /* Frameworks */ = {
			isa = PBXFrameworksBuildPhase;
			buildActionMask = 2147483647;
			files = (
				C57BEB3D15E3032900BC6556 /* UIKit.framework in Frameworks */,
				C57BEB3F15E3032900BC6556 /* Foundation.framework in Frameworks */,
				C57BEB4115E3032900BC6556 /* CoreGraphics.framework in Frameworks */,
				E37460C46F6447C19A490A9A /* libPods.a in Frameworks */,
			);
			runOnlyForDeploymentPostprocessing = 0;
		};
		C57BEB5815E3032A00BC6556 /* Frameworks */ = {
			isa = PBXFrameworksBuildPhase;
			buildActionMask = 2147483647;
			files = (
				C57BEB5E15E3032A00BC6556 /* SenTestingKit.framework in Frameworks */,
				C57BEB5F15E3032A00BC6556 /* UIKit.framework in Frameworks */,
				C57BEB6015E3032A00BC6556 /* Foundation.framework in Frameworks */,
			);
			runOnlyForDeploymentPostprocessing = 0;
		};
/* End PBXFrameworksBuildPhase section */

/* Begin PBXGroup section */
		C57BEB2D15E3032900BC6556 = {
			isa = PBXGroup;
			children = (
				C57BEB4215E3032900BC6556 /* contract-demo */,
				C57BEB6315E3032A00BC6556 /* contract-demoTests */,
				C57BEB3B15E3032900BC6556 /* Frameworks */,
				C57BEB3915E3032900BC6556 /* Products */,
				0C337767E08A44E08B472A64 /* Pods.xcconfig */,
			);
			sourceTree = "<group>";
		};
		C57BEB3915E3032900BC6556 /* Products */ = {
			isa = PBXGroup;
			children = (
				C57BEB3815E3032900BC6556 /* contract-demo.app */,
				C57BEB5C15E3032A00BC6556 /* contract-demoTests.octest */,
			);
			name = Products;
			sourceTree = "<group>";
		};
		C57BEB3B15E3032900BC6556 /* Frameworks */ = {
			isa = PBXGroup;
			children = (
				C57BEB3C15E3032900BC6556 /* UIKit.framework */,
				C57BEB3E15E3032900BC6556 /* Foundation.framework */,
				C57BEB4015E3032900BC6556 /* CoreGraphics.framework */,
				C57BEB5D15E3032A00BC6556 /* SenTestingKit.framework */,
				4249BC8DC14B476BB42E5DEF /* libPods.a */,
			);
			name = Frameworks;
			sourceTree = "<group>";
		};
		C57BEB4215E3032900BC6556 /* contract-demo */ = {
			isa = PBXGroup;
			children = (
				C57BEB4B15E3032900BC6556 /* YAppDelegate.h */,
				C57BEB4C15E3032900BC6556 /* YAppDelegate.m */,
				C57BEB8615E3079C00BC6556 /* YAccount.h */,
				C57BEB8715E3079C00BC6556 /* YAccount.m */,
				C57BEB4E15E3032900BC6556 /* MainStoryboard_iPhone.storyboard */,
				C57BEB5115E3032900BC6556 /* MainStoryboard_iPad.storyboard */,
				C57BEB5415E3032900BC6556 /* YViewController.h */,
				C57BEB5515E3032900BC6556 /* YViewController.m */,
				C57BEB4315E3032900BC6556 /* Supporting Files */,
			);
			path = "contract-demo";
			sourceTree = "<group>";
		};
		C57BEB4315E3032900BC6556 /* Supporting Files */ = {
			isa = PBXGroup;
			children = (
				C57BEB4415E3032900BC6556 /* contract-demo-Info.plist */,
				C57BEB4515E3032900BC6556 /* InfoPlist.strings */,
				C57BEB4815E3032900BC6556 /* main.m */,
				C57BEB4A15E3032900BC6556 /* contract-demo-Prefix.pch */,
			);
			name = "Supporting Files";
			sourceTree = "<group>";
		};
		C57BEB6315E3032A00BC6556 /* contract-demoTests */ = {
			isa = PBXGroup;
			children = (
				C57BEB6915E3032A00BC6556 /* contract_demoTests.h */,
				C57BEB6A15E3032A00BC6556 /* contract_demoTests.m */,
				C57BEB6415E3032A00BC6556 /* Supporting Files */,
			);
			path = "contract-demoTests";
			sourceTree = "<group>";
		};
		C57BEB6415E3032A00BC6556 /* Supporting Files */ = {
			isa = PBXGroup;
			children = (
				C57BEB6515E3032A00BC6556 /* contract-demoTests-Info.plist */,
				C57BEB6615E3032A00BC6556 /* InfoPlist.strings */,
			);
			name = "Supporting Files";
			sourceTree = "<group>";
		};
/* End PBXGroup section */

/* Begin PBXNativeTarget section */
		C57BEB3715E3032900BC6556 /* contract-demo */ = {
			isa = PBXNativeTarget;
			buildConfigurationList = C57BEB6E15E3032A00BC6556 /* Build configuration list for PBXNativeTarget "contract-demo" */;
			buildPhases = (
				C57BEB3415E3032900BC6556 /* Sources */,
				C57BEB3515E3032900BC6556 /* Frameworks */,
				C57BEB3615E3032900BC6556 /* Resources */,
				0319125381E3405692D65175 /* Copy Pods Resources */,
			);
			buildRules = (
			);
			dependencies = (
			);
			name = "contract-demo";
			productName = "contract-demo";
			productReference = C57BEB3815E3032900BC6556 /* contract-demo.app */;
			productType = "com.apple.product-type.application";
		};
		C57BEB5B15E3032A00BC6556 /* contract-demoTests */ = {
			isa = PBXNativeTarget;
			buildConfigurationList = C57BEB7115E3032A00BC6556 /* Build configuration list for PBXNativeTarget "contract-demoTests" */;
			buildPhases = (
				C57BEB5715E3032A00BC6556 /* Sources */,
				C57BEB5815E3032A00BC6556 /* Frameworks */,
				C57BEB5915E3032A00BC6556 /* Resources */,
				C57BEB5A15E3032A00BC6556 /* ShellScript */,
			);
			buildRules = (
			);
			dependencies = (
				C57BEB6215E3032A00BC6556 /* PBXTargetDependency */,
			);
			name = "contract-demoTests";
			productName = "contract-demoTests";
			productReference = C57BEB5C15E3032A00BC6556 /* contract-demoTests.octest */;
			productType = "com.apple.product-type.bundle";
		};
/* End PBXNativeTarget section */

/* Begin PBXProject section */
		C57BEB2F15E3032900BC6556 /* Project object */ = {
			isa = PBXProject;
			attributes = {
				CLASSPREFIX = Y;
				LastUpgradeCheck = 0450;
				ORGANIZATIONNAME = "robot bubble bath LLC";
			};
			buildConfigurationList = C57BEB3215E3032900BC6556 /* Build configuration list for PBXProject "contract-demo" */;
			compatibilityVersion = "Xcode 3.2";
			developmentRegion = English;
			hasScannedForEncodings = 0;
			knownRegions = (
				en,
			);
			mainGroup = C57BEB2D15E3032900BC6556;
			productRefGroup = C57BEB3915E3032900BC6556 /* Products */;
			projectDirPath = "";
			projectRoot = "";
			targets = (
				C57BEB3715E3032900BC6556 /* contract-demo */,
				C57BEB5B15E3032A00BC6556 /* contract-demoTests */,
			);
		};
/* End PBXProject section */

/* Begin PBXResourcesBuildPhase section */
		C57BEB3615E3032900BC6556 /* Resources */ = {
			isa = PBXResourcesBuildPhase;
			buildActionMask = 2147483647;
			files = (
				C57BEB4715E3032900BC6556 /* InfoPlist.strings in Resources */,
				C57BEB5015E3032900BC6556 /* MainStoryboard_iPhone.storyboard in Resources */,
				C57BEB5315E3032900BC6556 /* MainStoryboard_iPad.storyboard in Resources */,
			);
			runOnlyForDeploymentPostprocessing = 0;
		};
		C57BEB5915E3032A00BC6556 /* Resources */ = {
			isa = PBXResourcesBuildPhase;
			buildActionMask = 2147483647;
			files = (
				C57BEB6815E3032A00BC6556 /* InfoPlist.strings in Resources */,
			);
			runOnlyForDeploymentPostprocessing = 0;
		};
/* End PBXResourcesBuildPhase section */

/* Begin PBXShellScriptBuildPhase section */
		0319125381E3405692D65175 /* Copy Pods Resources */ = {
			isa = PBXShellScriptBuildPhase;
			buildActionMask = 2147483647;
			files = (
			);
			inputPaths = (
			);
			name = "Copy Pods Resources";
			outputPaths = (
			);
			runOnlyForDeploymentPostprocessing = 0;
			shellPath = /bin/sh;
			shellScript = "\"${SRCROOT}/Pods/Pods-resources.sh\"\n";
		};
		C57BEB5A15E3032A00BC6556 /* ShellScript */ = {
			isa = PBXShellScriptBuildPhase;
			buildActionMask = 2147483647;
			files = (
			);
			inputPaths = (
			);
			outputPaths = (
			);
			runOnlyForDeploymentPostprocessing = 0;
			shellPath = /bin/sh;
			shellScript = "# Run the unit tests in this test bundle.\n\"${SYSTEM_DEVELOPER_DIR}/Tools/RunUnitTests\"\n";
		};
/* End PBXShellScriptBuildPhase section */

/* Begin PBXSourcesBuildPhase section */
		C57BEB3415E3032900BC6556 /* Sources */ = {
			isa = PBXSourcesBuildPhase;
			buildActionMask = 2147483647;
			files = (
				C57BEB4915E3032900BC6556 /* main.m in Sources */,
				C57BEB4D15E3032900BC6556 /* YAppDelegate.m in Sources */,
				C57BEB5615E3032900BC6556 /* YViewController.m in Sources */,
				C57BEB8815E3079C00BC6556 /* YAccount.m in Sources */,
			);
			runOnlyForDeploymentPostprocessing = 0;
		};
		C57BEB5715E3032A00BC6556 /* Sources */ = {
			isa = PBXSourcesBuildPhase;
			buildActionMask = 2147483647;
			files = (
				C57BEB6B15E3032A00BC6556 /* contract_demoTests.m in Sources */,
			);
			runOnlyForDeploymentPostprocessing = 0;
		};
/* End PBXSourcesBuildPhase section */

/* Begin PBXTargetDependency section */
		C57BEB6215E3032A00BC6556 /* PBXTargetDependency */ = {
			isa = PBXTargetDependency;
			target = C57BEB3715E3032900BC6556 /* contract-demo */;
			targetProxy = C57BEB6115E3032A00BC6556 /* PBXContainerItemProxy */;
		};
/* End PBXTargetDependency section */

/* Begin PBXVariantGroup section */
		C57BEB4515E3032900BC6556 /* InfoPlist.strings */ = {
			isa = PBXVariantGroup;
			children = (
				C57BEB4615E3032900BC6556 /* en */,
			);
			name = InfoPlist.strings;
			sourceTree = "<group>";
		};
		C57BEB4E15E3032900BC6556 /* MainStoryboard_iPhone.storyboard */ = {
			isa = PBXVariantGroup;
			children = (
				C57BEB4F15E3032900BC6556 /* en */,
			);
			name = MainStoryboard_iPhone.storyboard;
			sourceTree = "<group>";
		};
		C57BEB5115E3032900BC6556 /* MainStoryboard_iPad.storyboard */ = {
			isa = PBXVariantGroup;
			children = (
				C57BEB5215E3032900BC6556 /* en */,
			);
			name = MainStoryboard_iPad.storyboard;
			sourceTree = "<group>";
		};
		C57BEB6615E3032A00BC6556 /* InfoPlist.strings */ = {
			isa = PBXVariantGroup;
			children = (
				C57BEB6715E3032A00BC6556 /* en */,
			);
			name = InfoPlist.strings;
			sourceTree = "<group>";
		};
/* End PBXVariantGroup section */

/* Begin XCBuildConfiguration section */
		C57BEB6C15E3032A00BC6556 /* Debug */ = {
			isa = XCBuildConfiguration;
			buildSettings = {
				ALWAYS_SEARCH_USER_PATHS = NO;
				CLANG_CXX_LANGUAGE_STANDARD = "gnu++0x";
				CLANG_CXX_LIBRARY = "libc++";
				CLANG_ENABLE_OBJC_ARC = YES;
				CLANG_WARN__DUPLICATE_METHOD_MATCH = YES;
				"CODE_SIGN_IDENTITY[sdk=iphoneos*]" = "iPhone Developer";
				COPY_PHASE_STRIP = NO;
				GCC_C_LANGUAGE_STANDARD = gnu99;
				GCC_DYNAMIC_NO_PIC = NO;
				GCC_OPTIMIZATION_LEVEL = 0;
				GCC_PREPROCESSOR_DEFINITIONS = (
					"DEBUG=1",
					"$(inherited)",
				);
				GCC_SYMBOLS_PRIVATE_EXTERN = NO;
				GCC_WARN_ABOUT_RETURN_TYPE = YES;
				GCC_WARN_UNINITIALIZED_AUTOS = YES;
				GCC_WARN_UNUSED_VARIABLE = YES;
				IPHONEOS_DEPLOYMENT_TARGET = 6.0;
				SDKROOT = iphoneos;
				TARGETED_DEVICE_FAMILY = "1,2";
			};
			name = Debug;
		};
		C57BEB6D15E3032A00BC6556 /* Release */ = {
			isa = XCBuildConfiguration;
			buildSettings = {
				ALWAYS_SEARCH_USER_PATHS = NO;
				CLANG_CXX_LANGUAGE_STANDARD = "gnu++0x";
				CLANG_CXX_LIBRARY = "libc++";
				CLANG_ENABLE_OBJC_ARC = YES;
				CLANG_WARN__DUPLICATE_METHOD_MATCH = YES;
				"CODE_SIGN_IDENTITY[sdk=iphoneos*]" = "iPhone Developer";
				COPY_PHASE_STRIP = YES;
				GCC_C_LANGUAGE_STANDARD = gnu99;
				GCC_WARN_ABOUT_RETURN_TYPE = YES;
				GCC_WARN_UNINITIALIZED_AUTOS = YES;
				GCC_WARN_UNUSED_VARIABLE = YES;
				IPHONEOS_DEPLOYMENT_TARGET = 6.0;
				OTHER_CFLAGS = "-DNS_BLOCK_ASSERTIONS=1";
				SDKROOT = iphoneos;
				TARGETED_DEVICE_FAMILY = "1,2";
				VALIDATE_PRODUCT = YES;
			};
			name = Release;
		};
		C57BEB6F15E3032A00BC6556 /* Debug */ = {
			isa = XCBuildConfiguration;
			baseConfigurationReference = 0C337767E08A44E08B472A64 /* Pods.xcconfig */;
			buildSettings = {
				GCC_PRECOMPILE_PREFIX_HEADER = YES;
				GCC_PREFIX_HEADER = "contract-demo/contract-demo-Prefix.pch";
				INFOPLIST_FILE = "contract-demo/contract-demo-Info.plist";
				PRODUCT_NAME = "$(TARGET_NAME)";
				USER_HEADER_SEARCH_PATHS = "~/src/libextobjc/**";
				WRAPPER_EXTENSION = app;
			};
			name = Debug;
		};
		C57BEB7015E3032A00BC6556 /* Release */ = {
			isa = XCBuildConfiguration;
			baseConfigurationReference = 0C337767E08A44E08B472A64 /* Pods.xcconfig */;
			buildSettings = {
				GCC_PRECOMPILE_PREFIX_HEADER = YES;
				GCC_PREFIX_HEADER = "contract-demo/contract-demo-Prefix.pch";
				INFOPLIST_FILE = "contract-demo/contract-demo-Info.plist";
				PRODUCT_NAME = "$(TARGET_NAME)";
				USER_HEADER_SEARCH_PATHS = "~/src/libextobjc/**";
				WRAPPER_EXTENSION = app;
			};
			name = Release;
		};
		C57BEB7215E3032A00BC6556 /* Debug */ = {
			isa = XCBuildConfiguration;
			buildSettings = {
				BUNDLE_LOADER = "$(BUILT_PRODUCTS_DIR)/contract-demo.app/contract-demo";
				FRAMEWORK_SEARCH_PATHS = (
					"\"$(SDKROOT)/Developer/Library/Frameworks\"",
					"\"$(DEVELOPER_LIBRARY_DIR)/Frameworks\"",
				);
				GCC_PRECOMPILE_PREFIX_HEADER = YES;
				GCC_PREFIX_HEADER = "contract-demo/contract-demo-Prefix.pch";
				INFOPLIST_FILE = "contract-demoTests/contract-demoTests-Info.plist";
				PRODUCT_NAME = "$(TARGET_NAME)";
				TEST_HOST = "$(BUNDLE_LOADER)";
				WRAPPER_EXTENSION = octest;
			};
			name = Debug;
		};
		C57BEB7315E3032A00BC6556 /* Release */ = {
			isa = XCBuildConfiguration;
			buildSettings = {
				BUNDLE_LOADER = "$(BUILT_PRODUCTS_DIR)/contract-demo.app/contract-demo";
				FRAMEWORK_SEARCH_PATHS = (
					"\"$(SDKROOT)/Developer/Library/Frameworks\"",
					"\"$(DEVELOPER_LIBRARY_DIR)/Frameworks\"",
				);
				GCC_PRECOMPILE_PREFIX_HEADER = YES;
				GCC_PREFIX_HEADER = "contract-demo/contract-demo-Prefix.pch";
				INFOPLIST_FILE = "contract-demoTests/contract-demoTests-Info.plist";
				PRODUCT_NAME = "$(TARGET_NAME)";
				TEST_HOST = "$(BUNDLE_LOADER)";
				WRAPPER_EXTENSION = octest;
			};
			name = Release;
		};
/* End XCBuildConfiguration section */

/* Begin XCConfigurationList section */
		C57BEB3215E3032900BC6556 /* Build configuration list for PBXProject "contract-demo" */ = {
			isa = XCConfigurationList;
			buildConfigurations = (
				C57BEB6C15E3032A00BC6556 /* Debug */,
				C57BEB6D15E3032A00BC6556 /* Release */,
			);
			defaultConfigurationIsVisible = 0;
			defaultConfigurationName = Release;
		};
		C57BEB6E15E3032A00BC6556 /* Build configuration list for PBXNativeTarget "contract-demo" */ = {
			isa = XCConfigurationList;
			buildConfigurations = (
				C57BEB6F15E3032A00BC6556 /* Debug */,
				C57BEB7015E3032A00BC6556 /* Release */,
			);
			defaultConfigurationIsVisible = 0;
			defaultConfigurationName = Release;
		};
		C57BEB7115E3032A00BC6556 /* Build configuration list for PBXNativeTarget "contract-demoTests" */ = {
			isa = XCConfigurationList;
			buildConfigurations = (
				C57BEB7215E3032A00BC6556 /* Debug */,
				C57BEB7315E3032A00BC6556 /* Release */,
			);
			defaultConfigurationIsVisible = 0;
			defaultConfigurationName = Release;
		};
/* End XCConfigurationList section */
	};
	rootObject = C57BEB2F15E3032900BC6556 /* Project object */;
}
